
Microsoft Visual Studio Solution File, Format Version 12.00
# Visual Studio Version 16
VisualStudioVersion = 16.0.31112.23
MinimumVisualStudioVersion = 10.0.40219.1
Project("{FAE04EC0-301F-11D3-BF4B-00C04F79EFBC}") = "SOLID_App", "SOLID_App.csproj", "{CACE9C4B-6FE0-4E19-91DF-CA585F866143}"
EndProject
Global
	GlobalSection(SolutionConfigurationPlatforms) = preSolution
		Debug|Any CPU = Debug|Any CPU
		Release|Any CPU = Release|Any CPU
	EndGlobalSection
	GlobalSection(ProjectConfigurationPlatforms) = postSolution
		{CACE9C4B-6FE0-4E19-91DF-CA585F866143}.Debug|Any CPU.ActiveCfg = Debug|Any CPU
		{CACE9C4B-6FE0-4E19-91DF-CA585F866143}.Debug|Any CPU.Build.0 = Debug|Any CPU
		{CACE9C4B-6FE0-4E19-91DF-CA585F866143}.Release|Any CPU.ActiveCfg = Release|Any CPU
		{CACE9C4B-6FE0-4E19-91DF-CA585F866143}.Release|Any CPU.Build.0 = Release|Any CPU
	EndGlobalSection
	GlobalSection(SolutionProperties) = preSolution
		HideSolutionNode = FALSE
	EndGlobalSection
	GlobalSection(ExtensibilityGlobals) = postSolution
		SolutionGuid = {AC61E714-C0E5-4A34-B267-4BD0F17A9C5E}
	EndGlobalSection
EndGlobal
